
Microsoft Visual Studio Solution File, Format Version 12.00
# Visual Studio Version 17
VisualStudioVersion = 17.0.31903.59
MinimumVisualStudioVersion = 10.0.40219.1
Project("{9A19103F-16F7-4668-BE54-9A1E7A4F7556}") = "IShop.Api", "IShop.Api\IShop.Api.csproj", "{268051F6-C165-4BFA-9300-70D8734BD7C2}"
EndProject
Project("{9A19103F-16F7-4668-BE54-9A1E7A4F7556}") = "IShop.Contracts", "IShop.Contracts\IShop.Contracts.csproj", "{9002FB58-B407-4170-8D37-26BC8E5A6484}"
EndProject
Project("{9A19103F-16F7-4668-BE54-9A1E7A4F7556}") = "IShop.Domain", "IShop.Domain\IShop.Domain.csproj", "{6F68106B-2A7C-43E0-AF7D-191663F2B194}"
EndProject
Project("{9A19103F-16F7-4668-BE54-9A1E7A4F7556}") = "IShop.Infrastructure", "IShop.Infrastructure\IShop.Infrastructure.csproj", "{AB586915-053E-4325-B3BD-5F2E2D92B1E8}"
EndProject
Project("{9A19103F-16F7-4668-BE54-9A1E7A4F7556}") = "IShop.Application", "IShop.Application\IShop.Application.csproj", "{824E9703-D559-40B2-8423-5022B64A9AC1}"
EndProject
Project("{E53339B2-1760-4266-BCC7-CA923CBCF16C}") = "docker-compose", "docker-compose.dcproj", "{6E8ECA78-962B-479D-9D77-9AE4B19D18B6}"
EndProject
Project("{2150E333-8FDC-42A3-9474-1A3956D46DE8}") = "Solution Items", "Solution Items", "{682564D5-007D-409D-843B-3C04A2EE9818}"
	ProjectSection(SolutionItems) = preProject
		nginx.conf = nginx.conf
	EndProjectSection
EndProject
Global
	GlobalSection(SolutionConfigurationPlatforms) = preSolution
		Debug|Any CPU = Debug|Any CPU
		Release|Any CPU = Release|Any CPU
	EndGlobalSection
	GlobalSection(ProjectConfigurationPlatforms) = postSolution
		{268051F6-C165-4BFA-9300-70D8734BD7C2}.Debug|Any CPU.ActiveCfg = Debug|Any CPU
		{268051F6-C165-4BFA-9300-70D8734BD7C2}.Debug|Any CPU.Build.0 = Debug|Any CPU
		{268051F6-C165-4BFA-9300-70D8734BD7C2}.Release|Any CPU.ActiveCfg = Release|Any CPU
		{268051F6-C165-4BFA-9300-70D8734BD7C2}.Release|Any CPU.Build.0 = Release|Any CPU
		{9002FB58-B407-4170-8D37-26BC8E5A6484}.Debug|Any CPU.ActiveCfg = Debug|Any CPU
		{9002FB58-B407-4170-8D37-26BC8E5A6484}.Debug|Any CPU.Build.0 = Debug|Any CPU
		{9002FB58-B407-4170-8D37-26BC8E5A6484}.Release|Any CPU.ActiveCfg = Release|Any CPU
		{9002FB58-B407-4170-8D37-26BC8E5A6484}.Release|Any CPU.Build.0 = Release|Any CPU
		{6F68106B-2A7C-43E0-AF7D-191663F2B194}.Debug|Any CPU.ActiveCfg = Debug|Any CPU
		{6F68106B-2A7C-43E0-AF7D-191663F2B194}.Debug|Any CPU.Build.0 = Debug|Any CPU
		{6F68106B-2A7C-43E0-AF7D-191663F2B194}.Release|Any CPU.ActiveCfg = Release|Any CPU
		{6F68106B-2A7C-43E0-AF7D-191663F2B194}.Release|Any CPU.Build.0 = Release|Any CPU
		{AB586915-053E-4325-B3BD-5F2E2D92B1E8}.Debug|Any CPU.ActiveCfg = Debug|Any CPU
		{AB586915-053E-4325-B3BD-5F2E2D92B1E8}.Debug|Any CPU.Build.0 = Debug|Any CPU
		{AB586915-053E-4325-B3BD-5F2E2D92B1E8}.Release|Any CPU.ActiveCfg = Release|Any CPU
		{AB586915-053E-4325-B3BD-5F2E2D92B1E8}.Release|Any CPU.Build.0 = Release|Any CPU
		{824E9703-D559-40B2-8423-5022B64A9AC1}.Debug|Any CPU.ActiveCfg = Debug|Any CPU
		{824E9703-D559-40B2-8423-5022B64A9AC1}.Debug|Any CPU.Build.0 = Debug|Any CPU
		{824E9703-D559-40B2-8423-5022B64A9AC1}.Release|Any CPU.ActiveCfg = Release|Any CPU
		{824E9703-D559-40B2-8423-5022B64A9AC1}.Release|Any CPU.Build.0 = Release|Any CPU
		{6E8ECA78-962B-479D-9D77-9AE4B19D18B6}.Debug|Any CPU.ActiveCfg = Debug|Any CPU
		{6E8ECA78-962B-479D-9D77-9AE4B19D18B6}.Debug|Any CPU.Build.0 = Debug|Any CPU
		{6E8ECA78-962B-479D-9D77-9AE4B19D18B6}.Release|Any CPU.ActiveCfg = Release|Any CPU
		{6E8ECA78-962B-479D-9D77-9AE4B19D18B6}.Release|Any CPU.Build.0 = Release|Any CPU
	EndGlobalSection
	GlobalSection(SolutionProperties) = preSolution
		HideSolutionNode = FALSE
	EndGlobalSection
	GlobalSection(ExtensibilityGlobals) = postSolution
		SolutionGuid = {ACFDE490-C7DF-4353-87C3-B52BBDC6A543}
	EndGlobalSection
EndGlobal
